// !$*UTF8*$!
{
	archiveVersion = 1;
	classes = {
	};
	objectVersion = 56;
	objects = {

/* Begin PBXBuildFile section */
		849600512B6416300005FAAE /* ViewModelA.swift in Sources */ = {isa = PBXBuildFile; fileRef = 849600502B6416300005FAAE /* ViewModelA.swift */; };
		849600532B6416340005FAAE /* ViewModelB.swift in Sources */ = {isa = PBXBuildFile; fileRef = 849600522B6416340005FAAE /* ViewModelB.swift */; };
		849600552B6416390005FAAE /* ViewModelC.swift in Sources */ = {isa = PBXBuildFile; fileRef = 849600542B6416390005FAAE /* ViewModelC.swift */; };
		849600572B64167E0005FAAE /* ViewControllerA.swift in Sources */ = {isa = PBXBuildFile; fileRef = 849600562B64167E0005FAAE /* ViewControllerA.swift */; };
		849600592B6416820005FAAE /* ViewControllerB.swift in Sources */ = {isa = PBXBuildFile; fileRef = 849600582B6416820005FAAE /* ViewControllerB.swift */; };
		8496005B2B6416860005FAAE /* ViewControllerC.swift in Sources */ = {isa = PBXBuildFile; fileRef = 8496005A2B6416860005FAAE /* ViewControllerC.swift */; };
		8496005D2B64181C0005FAAE /* ViewControllerA.xib in Resources */ = {isa = PBXBuildFile; fileRef = 8496005C2B64181C0005FAAE /* ViewControllerA.xib */; };
		8496005F2B6418290005FAAE /* ViewControllerB.xib in Resources */ = {isa = PBXBuildFile; fileRef = 8496005E2B6418290005FAAE /* ViewControllerB.xib */; };
		849600612B6418310005FAAE /* ViewControllerC.xib in Resources */ = {isa = PBXBuildFile; fileRef = 849600602B6418310005FAAE /* ViewControllerC.xib */; };
		849600672B642F4C0005FAAE /* ViewModelD.swift in Sources */ = {isa = PBXBuildFile; fileRef = 849600662B642F4C0005FAAE /* ViewModelD.swift */; };
		8496006B2B642F750005FAAE /* ViewControllerD.swift in Sources */ = {isa = PBXBuildFile; fileRef = 8496006A2B642F750005FAAE /* ViewControllerD.swift */; };
		8496006D2B6430600005FAAE /* ViewControllerD.xib in Resources */ = {isa = PBXBuildFile; fileRef = 8496006C2B6430600005FAAE /* ViewControllerD.xib */; };
		84B2942A2B616A5100F8D0F3 /* AppDelegate.swift in Sources */ = {isa = PBXBuildFile; fileRef = 84B294292B616A5100F8D0F3 /* AppDelegate.swift */; };
		84B2942C2B616A5100F8D0F3 /* SceneDelegate.swift in Sources */ = {isa = PBXBuildFile; fileRef = 84B2942B2B616A5100F8D0F3 /* SceneDelegate.swift */; };
		84B294362B616A5300F8D0F3 /* LaunchScreen.storyboard in Resources */ = {isa = PBXBuildFile; fileRef = 84B294342B616A5300F8D0F3 /* LaunchScreen.storyboard */; };
		84B294422B616A8000F8D0F3 /* UIViewController + Helper.swift in Sources */ = {isa = PBXBuildFile; fileRef = 84B294412B616A8000F8D0F3 /* UIViewController + Helper.swift */; };
		84B294542B616C6B00F8D0F3 /* Coordinator.swift in Sources */ = {isa = PBXBuildFile; fileRef = 84B294532B616C6B00F8D0F3 /* Coordinator.swift */; };
		84F15CB52CBBD38500142DC0 /* Builder.swift in Sources */ = {isa = PBXBuildFile; fileRef = 84F15CB42CBBD38500142DC0 /* Builder.swift */; };
		84F15CB82CBBD3C300142DC0 /* AppCoordinator.swift in Sources */ = {isa = PBXBuildFile; fileRef = 84F15CB72CBBD3C300142DC0 /* AppCoordinator.swift */; };
		84F15CBA2CBBD5AD00142DC0 /* Assets.xcassets in Resources */ = {isa = PBXBuildFile; fileRef = 84F15CB92CBBD5AD00142DC0 /* Assets.xcassets */; };
/* End PBXBuildFile section */

/* Begin PBXFileReference section */
		849600502B6416300005FAAE /* ViewModelA.swift */ = {isa = PBXFileReference; lastKnownFileType = sourcecode.swift; path = ViewModelA.swift; sourceTree = "<group>"; };
		849600522B6416340005FAAE /* ViewModelB.swift */ = {isa = PBXFileReference; lastKnownFileType = sourcecode.swift; path = ViewModelB.swift; sourceTree = "<group>"; };
		849600542B6416390005FAAE /* ViewModelC.swift */ = {isa = PBXFileReference; lastKnownFileType = sourcecode.swift; path = ViewModelC.swift; sourceTree = "<group>"; };
		849600562B64167E0005FAAE /* ViewControllerA.swift */ = {isa = PBXFileReference; lastKnownFileType = sourcecode.swift; path = ViewControllerA.swift; sourceTree = "<group>"; };
		849600582B6416820005FAAE /* ViewControllerB.swift */ = {isa = PBXFileReference; lastKnownFileType = sourcecode.swift; path = ViewControllerB.swift; sourceTree = "<group>"; };
		8496005A2B6416860005FAAE /* ViewControllerC.swift */ = {isa = PBXFileReference; lastKnownFileType = sourcecode.swift; path = ViewControllerC.swift; sourceTree = "<group>"; };
		8496005C2B64181C0005FAAE /* ViewControllerA.xib */ = {isa = PBXFileReference; lastKnownFileType = file.xib; path = ViewControllerA.xib; sourceTree = "<group>"; };
		8496005E2B6418290005FAAE /* ViewControllerB.xib */ = {isa = PBXFileReference; lastKnownFileType = file.xib; path = ViewControllerB.xib; sourceTree = "<group>"; };
		849600602B6418310005FAAE /* ViewControllerC.xib */ = {isa = PBXFileReference; lastKnownFileType = file.xib; path = ViewControllerC.xib; sourceTree = "<group>"; };
		849600662B642F4C0005FAAE /* ViewModelD.swift */ = {isa = PBXFileReference; lastKnownFileType = sourcecode.swift; path = ViewModelD.swift; sourceTree = "<group>"; };
		8496006A2B642F750005FAAE /* ViewControllerD.swift */ = {isa = PBXFileReference; lastKnownFileType = sourcecode.swift; path = ViewControllerD.swift; sourceTree = "<group>"; };
		8496006C2B6430600005FAAE /* ViewControllerD.xib */ = {isa = PBXFileReference; lastKnownFileType = file.xib; path = ViewControllerD.xib; sourceTree = "<group>"; };
		84B294262B616A5100F8D0F3 /* ExampleTest.app */ = {isa = PBXFileReference; explicitFileType = wrapper.application; includeInIndex = 0; path = ExampleTest.app; sourceTree = BUILT_PRODUCTS_DIR; };
		84B294292B616A5100F8D0F3 /* AppDelegate.swift */ = {isa = PBXFileReference; lastKnownFileType = sourcecode.swift; path = AppDelegate.swift; sourceTree = "<group>"; };
		84B2942B2B616A5100F8D0F3 /* SceneDelegate.swift */ = {isa = PBXFileReference; lastKnownFileType = sourcecode.swift; path = SceneDelegate.swift; sourceTree = "<group>"; };
		84B294352B616A5300F8D0F3 /* Base */ = {isa = PBXFileReference; lastKnownFileType = file.storyboard; name = Base; path = Base.lproj/LaunchScreen.storyboard; sourceTree = "<group>"; };
		84B294372B616A5300F8D0F3 /* Info.plist */ = {isa = PBXFileReference; lastKnownFileType = text.plist.xml; path = Info.plist; sourceTree = "<group>"; };
		84B294412B616A8000F8D0F3 /* UIViewController + Helper.swift */ = {isa = PBXFileReference; fileEncoding = 4; lastKnownFileType = sourcecode.swift; path = "UIViewController + Helper.swift"; sourceTree = "<group>"; };
		84B294532B616C6B00F8D0F3 /* Coordinator.swift */ = {isa = PBXFileReference; fileEncoding = 4; lastKnownFileType = sourcecode.swift; path = Coordinator.swift; sourceTree = "<group>"; };
		84F15CB42CBBD38500142DC0 /* Builder.swift */ = {isa = PBXFileReference; lastKnownFileType = sourcecode.swift; path = Builder.swift; sourceTree = "<group>"; };
		84F15CB72CBBD3C300142DC0 /* AppCoordinator.swift */ = {isa = PBXFileReference; lastKnownFileType = sourcecode.swift; path = AppCoordinator.swift; sourceTree = "<group>"; };
		84F15CB92CBBD5AD00142DC0 /* Assets.xcassets */ = {isa = PBXFileReference; lastKnownFileType = folder.assetcatalog; path = Assets.xcassets; sourceTree = "<group>"; };
/* End PBXFileReference section */

/* Begin PBXFrameworksBuildPhase section */
		84B294232B616A5100F8D0F3 /* Frameworks */ = {
			isa = PBXFrameworksBuildPhase;
			buildActionMask = 2147483647;
			files = (
			);
			runOnlyForDeploymentPostprocessing = 0;
		};
/* End PBXFrameworksBuildPhase section */

/* Begin PBXGroup section */
		84B2941D2B616A5100F8D0F3 = {
			isa = PBXGroup;
			children = (
				84B294282B616A5100F8D0F3 /* ExampleTest */,
				84B294272B616A5100F8D0F3 /* Products */,
			);
			sourceTree = "<group>";
		};
		84B294272B616A5100F8D0F3 /* Products */ = {
			isa = PBXGroup;
			children = (
				84B294262B616A5100F8D0F3 /* ExampleTest.app */,
			);
			name = Products;
			sourceTree = "<group>";
		};
		84B294282B616A5100F8D0F3 /* ExampleTest */ = {
			isa = PBXGroup;
			children = (
				84F15CB62CBBD3AD00142DC0 /* Coordinator */,
				84F15CB32CBBD37A00142DC0 /* Builder */,
				84B294432B616C2700F8D0F3 /* ViewControllers */,
				84B2944C2B616C3900F8D0F3 /* ViewModels */,
				84B294292B616A5100F8D0F3 /* AppDelegate.swift */,
				84B2942B2B616A5100F8D0F3 /* SceneDelegate.swift */,
				84B294412B616A8000F8D0F3 /* UIViewController + Helper.swift */,
				8496005C2B64181C0005FAAE /* ViewControllerA.xib */,
				8496005E2B6418290005FAAE /* ViewControllerB.xib */,
				849600602B6418310005FAAE /* ViewControllerC.xib */,
				8496006C2B6430600005FAAE /* ViewControllerD.xib */,
				84B294342B616A5300F8D0F3 /* LaunchScreen.storyboard */,
				84F15CB92CBBD5AD00142DC0 /* Assets.xcassets */,
				84B294372B616A5300F8D0F3 /* Info.plist */,
			);
			path = ExampleTest;
			sourceTree = "<group>";
		};
		84B294432B616C2700F8D0F3 /* ViewControllers */ = {
			isa = PBXGroup;
			children = (
				849600562B64167E0005FAAE /* ViewControllerA.swift */,
				849600582B6416820005FAAE /* ViewControllerB.swift */,
				8496005A2B6416860005FAAE /* ViewControllerC.swift */,
				8496006A2B642F750005FAAE /* ViewControllerD.swift */,
			);
			path = ViewControllers;
			sourceTree = "<group>";
		};
		84B2944C2B616C3900F8D0F3 /* ViewModels */ = {
			isa = PBXGroup;
			children = (
				849600502B6416300005FAAE /* ViewModelA.swift */,
				849600522B6416340005FAAE /* ViewModelB.swift */,
				849600542B6416390005FAAE /* ViewModelC.swift */,
				849600662B642F4C0005FAAE /* ViewModelD.swift */,
			);
			path = ViewModels;
			sourceTree = "<group>";
		};
		84F15CB32CBBD37A00142DC0 /* Builder */ = {
			isa = PBXGroup;
			children = (
				84F15CB42CBBD38500142DC0 /* Builder.swift */,
			);
			path = Builder;
			sourceTree = "<group>";
		};
		84F15CB62CBBD3AD00142DC0 /* Coordinator */ = {
			isa = PBXGroup;
			children = (
				84F15CB72CBBD3C300142DC0 /* AppCoordinator.swift */,
				84B294532B616C6B00F8D0F3 /* Coordinator.swift */,
			);
			path = Coordinator;
			sourceTree = "<group>";
		};
/* End PBXGroup section */

/* Begin PBXNativeTarget section */
		84B294252B616A5100F8D0F3 /* ExampleTest */ = {
			isa = PBXNativeTarget;
			buildConfigurationList = 84B2943A2B616A5300F8D0F3 /* Build configuration list for PBXNativeTarget "ExampleTest" */;
			buildPhases = (
				84B294222B616A5100F8D0F3 /* Sources */,
				84B294232B616A5100F8D0F3 /* Frameworks */,
				84B294242B616A5100F8D0F3 /* Resources */,
			);
			buildRules = (
			);
			dependencies = (
			);
			name = ExampleTest;
			productName = ExampleTest;
			productReference = 84B294262B616A5100F8D0F3 /* ExampleTest.app */;
			productType = "com.apple.product-type.application";
		};
/* End PBXNativeTarget section */

/* Begin PBXProject section */
		84B2941E2B616A5100F8D0F3 /* Project object */ = {
			isa = PBXProject;
			attributes = {
				BuildIndependentTargetsInParallel = 1;
				LastSwiftUpdateCheck = 1520;
				LastUpgradeCheck = 1520;
				TargetAttributes = {
					84B294252B616A5100F8D0F3 = {
						CreatedOnToolsVersion = 15.2;
					};
				};
			};
			buildConfigurationList = 84B294212B616A5100F8D0F3 /* Build configuration list for PBXProject "ExampleTest" */;
			compatibilityVersion = "Xcode 14.0";
			developmentRegion = en;
			hasScannedForEncodings = 0;
			knownRegions = (
				en,
				Base,
			);
			mainGroup = 84B2941D2B616A5100F8D0F3;
			productRefGroup = 84B294272B616A5100F8D0F3 /* Products */;
			projectDirPath = "";
			projectRoot = "";
			targets = (
				84B294252B616A5100F8D0F3 /* ExampleTest */,
			);
		};
/* End PBXProject section */

/* Begin PBXResourcesBuildPhase section */
		84B294242B616A5100F8D0F3 /* Resources */ = {
			isa = PBXResourcesBuildPhase;
			buildActionMask = 2147483647;
			files = (
				8496005D2B64181C0005FAAE /* ViewControllerA.xib in Resources */,
				84B294362B616A5300F8D0F3 /* LaunchScreen.storyboard in Resources */,
				849600612B6418310005FAAE /* ViewControllerC.xib in Resources */,
				8496006D2B6430600005FAAE /* ViewControllerD.xib in Resources */,
				84F15CBA2CBBD5AD00142DC0 /* Assets.xcassets in Resources */,
				8496005F2B6418290005FAAE /* ViewControllerB.xib in Resources */,
			);
			runOnlyForDeploymentPostprocessing = 0;
		};
/* End PBXResourcesBuildPhase section */

/* Begin PBXSourcesBuildPhase section */
		84B294222B616A5100F8D0F3 /* Sources */ = {
			isa = PBXSourcesBuildPhase;
			buildActionMask = 2147483647;
			files = (
				849600532B6416340005FAAE /* ViewModelB.swift in Sources */,
				84B2942A2B616A5100F8D0F3 /* AppDelegate.swift in Sources */,
				849600512B6416300005FAAE /* ViewModelA.swift in Sources */,
				849600592B6416820005FAAE /* ViewControllerB.swift in Sources */,
				84F15CB52CBBD38500142DC0 /* Builder.swift in Sources */,
				849600572B64167E0005FAAE /* ViewControllerA.swift in Sources */,
				8496005B2B6416860005FAAE /* ViewControllerC.swift in Sources */,
				849600552B6416390005FAAE /* ViewModelC.swift in Sources */,
				84B2942C2B616A5100F8D0F3 /* SceneDelegate.swift in Sources */,
				8496006B2B642F750005FAAE /* ViewControllerD.swift in Sources */,
				84F15CB82CBBD3C300142DC0 /* AppCoordinator.swift in Sources */,
				84B294422B616A8000F8D0F3 /* UIViewController + Helper.swift in Sources */,
				849600672B642F4C0005FAAE /* ViewModelD.swift in Sources */,
				84B294542B616C6B00F8D0F3 /* Coordinator.swift in Sources */,
			);
			runOnlyForDeploymentPostprocessing = 0;
		};
/* End PBXSourcesBuildPhase section */

/* Begin PBXVariantGroup section */
		84B294342B616A5300F8D0F3 /* LaunchScreen.storyboard */ = {
			isa = PBXVariantGroup;
			children = (
				84B294352B616A5300F8D0F3 /* Base */,
			);
			name = LaunchScreen.storyboard;
			sourceTree = "<group>";
		};
/* End PBXVariantGroup section */

/* Begin XCBuildConfiguration section */
		84B294382B616A5300F8D0F3 /* Debug */ = {
			isa = XCBuildConfiguration;
			buildSettings = {
				ALWAYS_SEARCH_USER_PATHS = NO;
				ASSETCATALOG_COMPILER_GENERATE_SWIFT_ASSET_SYMBOL_EXTENSIONS = YES;
				CLANG_ANALYZER_NONNULL = YES;
				CLANG_ANALYZER_NUMBER_OBJECT_CONVERSION = YES_AGGRESSIVE;
				CLANG_CXX_LANGUAGE_STANDARD = "gnu++20";
				CLANG_ENABLE_MODULES = YES;
				CLANG_ENABLE_OBJC_ARC = YES;
				CLANG_ENABLE_OBJC_WEAK = YES;
				CLANG_WARN_BLOCK_CAPTURE_AUTORELEASING = YES;
				CLANG_WARN_BOOL_CONVERSION = YES;
				CLANG_WARN_COMMA = YES;
				CLANG_WARN_CONSTANT_CONVERSION = YES;
				CLANG_WARN_DEPRECATED_OBJC_IMPLEMENTATIONS = YES;
				CLANG_WARN_DIRECT_OBJC_ISA_USAGE = YES_ERROR;
				CLANG_WARN_DOCUMENTATION_COMMENTS = YES;
				CLANG_WARN_EMPTY_BODY = YES;
				CLANG_WARN_ENUM_CONVERSION = YES;
				CLANG_WARN_INFINITE_RECURSION = YES;
				CLANG_WARN_INT_CONVERSION = YES;
				CLANG_WARN_NON_LITERAL_NULL_CONVERSION = YES;
				CLANG_WARN_OBJC_IMPLICIT_RETAIN_SELF = YES;
				CLANG_WARN_OBJC_LITERAL_CONVERSION = YES;
				CLANG_WARN_OBJC_ROOT_CLASS = YES_ERROR;
				CLANG_WARN_QUOTED_INCLUDE_IN_FRAMEWORK_HEADER = YES;
				CLANG_WARN_RANGE_LOOP_ANALYSIS = YES;
				CLANG_WARN_STRICT_PROTOTYPES = YES;
				CLANG_WARN_SUSPICIOUS_MOVE = YES;
				CLANG_WARN_UNGUARDED_AVAILABILITY = YES_AGGRESSIVE;
				CLANG_WARN_UNREACHABLE_CODE = YES;
				CLANG_WARN__DUPLICATE_METHOD_MATCH = YES;
				COPY_PHASE_STRIP = NO;
				DEBUG_INFORMATION_FORMAT = dwarf;
				ENABLE_STRICT_OBJC_MSGSEND = YES;
				ENABLE_TESTABILITY = YES;
				ENABLE_USER_SCRIPT_SANDBOXING = YES;
				GCC_C_LANGUAGE_STANDARD = gnu17;
				GCC_DYNAMIC_NO_PIC = NO;
				GCC_NO_COMMON_BLOCKS = YES;
				GCC_OPTIMIZATION_LEVEL = 0;
				GCC_PREPROCESSOR_DEFINITIONS = (
					"DEBUG=1",
					"$(inherited)",
				);
				GCC_WARN_64_TO_32_BIT_CONVERSION = YES;
				GCC_WARN_ABOUT_RETURN_TYPE = YES_ERROR;
				GCC_WARN_UNDECLARED_SELECTOR = YES;
				GCC_WARN_UNINITIALIZED_AUTOS = YES_AGGRESSIVE;
				GCC_WARN_UNUSED_FUNCTION = YES;
				GCC_WARN_UNUSED_VARIABLE = YES;
				IPHONEOS_DEPLOYMENT_TARGET = 17.2;
				LOCALIZATION_PREFERS_STRING_CATALOGS = YES;
				MTL_ENABLE_DEBUG_INFO = INCLUDE_SOURCE;
				MTL_FAST_MATH = YES;
				ONLY_ACTIVE_ARCH = YES;
				SDKROOT = iphoneos;
				SWIFT_ACTIVE_COMPILATION_CONDITIONS = "DEBUG $(inherited)";
				SWIFT_OPTIMIZATION_LEVEL = "-Onone";
			};
			name = Debug;
		};
		84B294392B616A5300F8D0F3 /* Release */ = {
			isa = XCBuildConfiguration;
			buildSettings = {
				ALWAYS_SEARCH_USER_PATHS = NO;
				ASSETCATALOG_COMPILER_GENERATE_SWIFT_ASSET_SYMBOL_EXTENSIONS = YES;
				CLANG_ANALYZER_NONNULL = YES;
				CLANG_ANALYZER_NUMBER_OBJECT_CONVERSION = YES_AGGRESSIVE;
				CLANG_CXX_LANGUAGE_STANDARD = "gnu++20";
				CLANG_ENABLE_MODULES = YES;
				CLANG_ENABLE_OBJC_ARC = YES;
				CLANG_ENABLE_OBJC_WEAK = YES;
				CLANG_WARN_BLOCK_CAPTURE_AUTORELEASING = YES;
				CLANG_WARN_BOOL_CONVERSION = YES;
				CLANG_WARN_COMMA = YES;
				CLANG_WARN_CONSTANT_CONVERSION = YES;
				CLANG_WARN_DEPRECATED_OBJC_IMPLEMENTATIONS = YES;
				CLANG_WARN_DIRECT_OBJC_ISA_USAGE = YES_ERROR;
				CLANG_WARN_DOCUMENTATION_COMMENTS = YES;
				CLANG_WARN_EMPTY_BODY = YES;
				CLANG_WARN_ENUM_CONVERSION = YES;
				CLANG_WARN_INFINITE_RECURSION = YES;
				CLANG_WARN_INT_CONVERSION = YES;
				CLANG_WARN_NON_LITERAL_NULL_CONVERSION = YES;
				CLANG_WARN_OBJC_IMPLICIT_RETAIN_SELF = YES;
				CLANG_WARN_OBJC_LITERAL_CONVERSION = YES;
				CLANG_WARN_OBJC_ROOT_CLASS = YES_ERROR;
				CLANG_WARN_QUOTED_INCLUDE_IN_FRAMEWORK_HEADER = YES;
				CLANG_WARN_RANGE_LOOP_ANALYSIS = YES;
				CLANG_WARN_STRICT_PROTOTYPES = YES;
				CLANG_WARN_SUSPICIOUS_MOVE = YES;
				CLANG_WARN_UNGUARDED_AVAILABILITY = YES_AGGRESSIVE;
				CLANG_WARN_UNREACHABLE_CODE = YES;
				CLANG_WARN__DUPLICATE_METHOD_MATCH = YES;
				COPY_PHASE_STRIP = NO;
				DEBUG_INFORMATION_FORMAT = "dwarf-with-dsym";
				ENABLE_NS_ASSERTIONS = NO;
				ENABLE_STRICT_OBJC_MSGSEND = YES;
				ENABLE_USER_SCRIPT_SANDBOXING = YES;
				GCC_C_LANGUAGE_STANDARD = gnu17;
				GCC_NO_COMMON_BLOCKS = YES;
				GCC_WARN_64_TO_32_BIT_CONVERSION = YES;
				GCC_WARN_ABOUT_RETURN_TYPE = YES_ERROR;
				GCC_WARN_UNDECLARED_SELECTOR = YES;
				GCC_WARN_UNINITIALIZED_AUTOS = YES_AGGRESSIVE;
				GCC_WARN_UNUSED_FUNCTION = YES;
				GCC_WARN_UNUSED_VARIABLE = YES;
				IPHONEOS_DEPLOYMENT_TARGET = 17.2;
				LOCALIZATION_PREFERS_STRING_CATALOGS = YES;
				MTL_ENABLE_DEBUG_INFO = NO;
				MTL_FAST_MATH = YES;
				SDKROOT = iphoneos;
				SWIFT_COMPILATION_MODE = wholemodule;
				VALIDATE_PRODUCT = YES;
			};
			name = Release;
		};
		84B2943B2B616A5300F8D0F3 /* Debug */ = {
			isa = XCBuildConfiguration;
			buildSettings = {
				ASSETCATALOG_COMPILER_APPICON_NAME = AppIcon;
				ASSETCATALOG_COMPILER_GLOBAL_ACCENT_COLOR_NAME = AccentColor;
				CODE_SIGN_STYLE = Automatic;
				CURRENT_PROJECT_VERSION = 1;
				DEVELOPMENT_TEAM = 92UUF52ZAL;
				GENERATE_INFOPLIST_FILE = YES;
				INFOPLIST_FILE = ExampleTest/Info.plist;
				INFOPLIST_KEY_UIApplicationSupportsIndirectInputEvents = YES;
				INFOPLIST_KEY_UILaunchStoryboardName = LaunchScreen;
				INFOPLIST_KEY_UISupportedInterfaceOrientations_iPad = "UIInterfaceOrientationPortrait UIInterfaceOrientationPortraitUpsideDown UIInterfaceOrientationLandscapeLeft UIInterfaceOrientationLandscapeRight";
				INFOPLIST_KEY_UISupportedInterfaceOrientations_iPhone = "UIInterfaceOrientationPortrait UIInterfaceOrientationLandscapeLeft UIInterfaceOrientationLandscapeRight";
				LD_RUNPATH_SEARCH_PATHS = (
					"$(inherited)",
					"@executable_path/Frameworks",
				);
				MARKETING_VERSION = 1.0;
				PRODUCT_BUNDLE_IDENTIFIER = yegor.laba.com.ExampleTest;
				PRODUCT_NAME = "$(TARGET_NAME)";
				SWIFT_EMIT_LOC_STRINGS = YES;
				SWIFT_VERSION = 5.0;
				TARGETED_DEVICE_FAMILY = "1,2";
			};
			name = Debug;
		};
		84B2943C2B616A5300F8D0F3 /* Release */ = {
			isa = XCBuildConfiguration;
			buildSettings = {
				ASSETCATALOG_COMPILER_APPICON_NAME = AppIcon;
				ASSETCATALOG_COMPILER_GLOBAL_ACCENT_COLOR_NAME = AccentColor;
				CODE_SIGN_STYLE = Automatic;
				CURRENT_PROJECT_VERSION = 1;
				DEVELOPMENT_TEAM = 92UUF52ZAL;
				GENERATE_INFOPLIST_FILE = YES;
				INFOPLIST_FILE = ExampleTest/Info.plist;
				INFOPLIST_KEY_UIApplicationSupportsIndirectInputEvents = YES;
				INFOPLIST_KEY_UILaunchStoryboardName = LaunchScreen;
				INFOPLIST_KEY_UISupportedInterfaceOrientations_iPad = "UIInterfaceOrientationPortrait UIInterfaceOrientationPortraitUpsideDown UIInterfaceOrientationLandscapeLeft UIInterfaceOrientationLandscapeRight";
				INFOPLIST_KEY_UISupportedInterfaceOrientations_iPhone = "UIInterfaceOrientationPortrait UIInterfaceOrientationLandscapeLeft UIInterfaceOrientationLandscapeRight";
				LD_RUNPATH_SEARCH_PATHS = (
					"$(inherited)",
					"@executable_path/Frameworks",
				);
				MARKETING_VERSION = 1.0;
				PRODUCT_BUNDLE_IDENTIFIER = yegor.laba.com.ExampleTest;
				PRODUCT_NAME = "$(TARGET_NAME)";
				SWIFT_EMIT_LOC_STRINGS = YES;
				SWIFT_VERSION = 5.0;
				TARGETED_DEVICE_FAMILY = "1,2";
			};
			name = Release;
		};
/* End XCBuildConfiguration section */

/* Begin XCConfigurationList section */
		84B294212B616A5100F8D0F3 /* Build configuration list for PBXProject "ExampleTest" */ = {
			isa = XCConfigurationList;
			buildConfigurations = (
				84B294382B616A5300F8D0F3 /* Debug */,
				84B294392B616A5300F8D0F3 /* Release */,
			);
			defaultConfigurationIsVisible = 0;
			defaultConfigurationName = Release;
		};
		84B2943A2B616A5300F8D0F3 /* Build configuration list for PBXNativeTarget "ExampleTest" */ = {
			isa = XCConfigurationList;
			buildConfigurations = (
				84B2943B2B616A5300F8D0F3 /* Debug */,
				84B2943C2B616A5300F8D0F3 /* Release */,
			);
			defaultConfigurationIsVisible = 0;
			defaultConfigurationName = Release;
		};
/* End XCConfigurationList section */
	};
	rootObject = 84B2941E2B616A5100F8D0F3 /* Project object */;
}
